// !$*UTF8*$!
{
	archiveVersion = 1;
	classes = {
	};
	objectVersion = 56;
	objects = {

/* Begin PBXBuildFile section */
		09610BEF2A1C09B4002DA6BD /* AppDelegate.swift in Sources */ = {isa = PBXBuildFile; fileRef = 09610BEE2A1C09B4002DA6BD /* AppDelegate.swift */; };
		09610BF82A1C09B6002DA6BD /* Assets.xcassets in Resources */ = {isa = PBXBuildFile; fileRef = 09610BF72A1C09B6002DA6BD /* Assets.xcassets */; };
		09610BFB2A1C09B6002DA6BD /* LaunchScreen.storyboard in Resources */ = {isa = PBXBuildFile; fileRef = 09610BF92A1C09B6002DA6BD /* LaunchScreen.storyboard */; };
		09610C062A1C09B7002DA6BD /* MovietrendingTests.swift in Sources */ = {isa = PBXBuildFile; fileRef = 09610C052A1C09B7002DA6BD /* MovietrendingTests.swift */; };
		09610C102A1C09B7002DA6BD /* MovietrendingUITests.swift in Sources */ = {isa = PBXBuildFile; fileRef = 09610C0F2A1C09B7002DA6BD /* MovietrendingUITests.swift */; };
		09610C122A1C09B7002DA6BD /* MovietrendingUITestsLaunchTests.swift in Sources */ = {isa = PBXBuildFile; fileRef = 09610C112A1C09B7002DA6BD /* MovietrendingUITestsLaunchTests.swift */; };
		09610C212A1C0B75002DA6BD /* MainViewController.swift in Sources */ = {isa = PBXBuildFile; fileRef = 09610C1F2A1C0B75002DA6BD /* MainViewController.swift */; };
		09610C222A1C0B75002DA6BD /* MainViewController.xib in Resources */ = {isa = PBXBuildFile; fileRef = 09610C202A1C0B75002DA6BD /* MainViewController.xib */; };
		09610C2D2A1C1168002DA6BD /* MainViewConteroller+TableView.swift in Sources */ = {isa = PBXBuildFile; fileRef = 09610C2C2A1C1168002DA6BD /* MainViewConteroller+TableView.swift */; };
		09610C2F2A1C1316002DA6BD /* MainViewModel.swift in Sources */ = {isa = PBXBuildFile; fileRef = 09610C2E2A1C1316002DA6BD /* MainViewModel.swift */; };
		09610C312A1C17D0002DA6BD /* NetworkConstant.swift in Sources */ = {isa = PBXBuildFile; fileRef = 09610C302A1C17D0002DA6BD /* NetworkConstant.swift */; };
		09610C332A1C19D2002DA6BD /* APICaller.swift in Sources */ = {isa = PBXBuildFile; fileRef = 09610C322A1C19D2002DA6BD /* APICaller.swift */; };
		09610C352A1C1A2A002DA6BD /* TrendingMoviesModel.swift in Sources */ = {isa = PBXBuildFile; fileRef = 09610C342A1C1A2A002DA6BD /* TrendingMoviesModel.swift */; };
/* End PBXBuildFile section */

/* Begin PBXContainerItemProxy section */
		09610C022A1C09B7002DA6BD /* PBXContainerItemProxy */ = {
			isa = PBXContainerItemProxy;
			containerPortal = 09610BE32A1C09B4002DA6BD /* Project object */;
			proxyType = 1;
			remoteGlobalIDString = 09610BEA2A1C09B4002DA6BD;
			remoteInfo = Movietrending;
		};
		09610C0C2A1C09B7002DA6BD /* PBXContainerItemProxy */ = {
			isa = PBXContainerItemProxy;
			containerPortal = 09610BE32A1C09B4002DA6BD /* Project object */;
			proxyType = 1;
			remoteGlobalIDString = 09610BEA2A1C09B4002DA6BD;
			remoteInfo = Movietrending;
		};
/* End PBXContainerItemProxy section */

/* Begin PBXFileReference section */
		09610BEB2A1C09B4002DA6BD /* Movietrending.app */ = {isa = PBXFileReference; explicitFileType = wrapper.application; includeInIndex = 0; path = Movietrending.app; sourceTree = BUILT_PRODUCTS_DIR; };
		09610BEE2A1C09B4002DA6BD /* AppDelegate.swift */ = {isa = PBXFileReference; lastKnownFileType = sourcecode.swift; path = AppDelegate.swift; sourceTree = "<group>"; };
		09610BF72A1C09B6002DA6BD /* Assets.xcassets */ = {isa = PBXFileReference; lastKnownFileType = folder.assetcatalog; path = Assets.xcassets; sourceTree = "<group>"; };
		09610BFA2A1C09B6002DA6BD /* Base */ = {isa = PBXFileReference; lastKnownFileType = file.storyboard; name = Base; path = Base.lproj/LaunchScreen.storyboard; sourceTree = "<group>"; };
		09610BFC2A1C09B6002DA6BD /* Info.plist */ = {isa = PBXFileReference; lastKnownFileType = text.plist.xml; path = Info.plist; sourceTree = "<group>"; };
		09610C012A1C09B7002DA6BD /* MovietrendingTests.xctest */ = {isa = PBXFileReference; explicitFileType = wrapper.cfbundle; includeInIndex = 0; path = MovietrendingTests.xctest; sourceTree = BUILT_PRODUCTS_DIR; };
		09610C052A1C09B7002DA6BD /* MovietrendingTests.swift */ = {isa = PBXFileReference; lastKnownFileType = sourcecode.swift; path = MovietrendingTests.swift; sourceTree = "<group>"; };
		09610C0B2A1C09B7002DA6BD /* MovietrendingUITests.xctest */ = {isa = PBXFileReference; explicitFileType = wrapper.cfbundle; includeInIndex = 0; path = MovietrendingUITests.xctest; sourceTree = BUILT_PRODUCTS_DIR; };
		09610C0F2A1C09B7002DA6BD /* MovietrendingUITests.swift */ = {isa = PBXFileReference; lastKnownFileType = sourcecode.swift; path = MovietrendingUITests.swift; sourceTree = "<group>"; };
		09610C112A1C09B7002DA6BD /* MovietrendingUITestsLaunchTests.swift */ = {isa = PBXFileReference; lastKnownFileType = sourcecode.swift; path = MovietrendingUITestsLaunchTests.swift; sourceTree = "<group>"; };
		09610C1F2A1C0B75002DA6BD /* MainViewController.swift */ = {isa = PBXFileReference; lastKnownFileType = sourcecode.swift; path = MainViewController.swift; sourceTree = "<group>"; };
		09610C202A1C0B75002DA6BD /* MainViewController.xib */ = {isa = PBXFileReference; lastKnownFileType = file.xib; path = MainViewController.xib; sourceTree = "<group>"; };
		09610C2C2A1C1168002DA6BD /* MainViewConteroller+TableView.swift */ = {isa = PBXFileReference; lastKnownFileType = sourcecode.swift; path = "MainViewConteroller+TableView.swift"; sourceTree = "<group>"; };
		09610C2E2A1C1316002DA6BD /* MainViewModel.swift */ = {isa = PBXFileReference; lastKnownFileType = sourcecode.swift; path = MainViewModel.swift; sourceTree = "<group>"; };
		09610C302A1C17D0002DA6BD /* NetworkConstant.swift */ = {isa = PBXFileReference; lastKnownFileType = sourcecode.swift; path = NetworkConstant.swift; sourceTree = "<group>"; };
		09610C322A1C19D2002DA6BD /* APICaller.swift */ = {isa = PBXFileReference; lastKnownFileType = sourcecode.swift; path = APICaller.swift; sourceTree = "<group>"; };
		09610C342A1C1A2A002DA6BD /* TrendingMoviesModel.swift */ = {isa = PBXFileReference; lastKnownFileType = sourcecode.swift; path = TrendingMoviesModel.swift; sourceTree = "<group>"; };
/* End PBXFileReference section */

/* Begin PBXFrameworksBuildPhase section */
		09610BE82A1C09B4002DA6BD /* Frameworks */ = {
			isa = PBXFrameworksBuildPhase;
			buildActionMask = 2147483647;
			files = (
			);
			runOnlyForDeploymentPostprocessing = 0;
		};
		09610BFE2A1C09B7002DA6BD /* Frameworks */ = {
			isa = PBXFrameworksBuildPhase;
			buildActionMask = 2147483647;
			files = (
			);
			runOnlyForDeploymentPostprocessing = 0;
		};
		09610C082A1C09B7002DA6BD /* Frameworks */ = {
			isa = PBXFrameworksBuildPhase;
			buildActionMask = 2147483647;
			files = (
			);
			runOnlyForDeploymentPostprocessing = 0;
		};
/* End PBXFrameworksBuildPhase section */

/* Begin PBXGroup section */
		09610BE22A1C09B4002DA6BD = {
			isa = PBXGroup;
			children = (
				09610BED2A1C09B4002DA6BD /* Movietrending */,
				09610C042A1C09B7002DA6BD /* MovietrendingTests */,
				09610C0E2A1C09B7002DA6BD /* MovietrendingUITests */,
				09610BEC2A1C09B4002DA6BD /* Products */,
			);
			sourceTree = "<group>";
		};
		09610BEC2A1C09B4002DA6BD /* Products */ = {
			isa = PBXGroup;
			children = (
				09610BEB2A1C09B4002DA6BD /* Movietrending.app */,
				09610C012A1C09B7002DA6BD /* MovietrendingTests.xctest */,
				09610C0B2A1C09B7002DA6BD /* MovietrendingUITests.xctest */,
			);
			name = Products;
			sourceTree = "<group>";
		};
		09610BED2A1C09B4002DA6BD /* Movietrending */ = {
			isa = PBXGroup;
			children = (
				09610C2B2A1C0F0C002DA6BD /* Networking */,
				09610C292A1C0EF7002DA6BD /* Extensions */,
				09610C282A1C0EE7002DA6BD /* Resources */,
				09610C272A1C0ED4002DA6BD /* Classes */,
				09610C262A1C0ECF002DA6BD /* Model */,
				09610C252A1C0EC5002DA6BD /* Controllers */,
				09610C242A1C0EBB002DA6BD /* ViewModel */,
				09610C232A1C0EB2002DA6BD /* View */,
				09610BEE2A1C09B4002DA6BD /* AppDelegate.swift */,
				09610BFC2A1C09B6002DA6BD /* Info.plist */,
			);
			path = Movietrending;
			sourceTree = "<group>";
		};
		09610C042A1C09B7002DA6BD /* MovietrendingTests */ = {
			isa = PBXGroup;
			children = (
				09610C052A1C09B7002DA6BD /* MovietrendingTests.swift */,
			);
			path = MovietrendingTests;
			sourceTree = "<group>";
		};
		09610C0E2A1C09B7002DA6BD /* MovietrendingUITests */ = {
			isa = PBXGroup;
			children = (
				09610C0F2A1C09B7002DA6BD /* MovietrendingUITests.swift */,
				09610C112A1C09B7002DA6BD /* MovietrendingUITestsLaunchTests.swift */,
			);
			path = MovietrendingUITests;
			sourceTree = "<group>";
		};
		09610C1E2A1C0B54002DA6BD /* MainViewController */ = {
			isa = PBXGroup;
			children = (
				09610C1F2A1C0B75002DA6BD /* MainViewController.swift */,
				09610C202A1C0B75002DA6BD /* MainViewController.xib */,
				09610C2C2A1C1168002DA6BD /* MainViewConteroller+TableView.swift */,
			);
			path = MainViewController;
			sourceTree = "<group>";
		};
		09610C232A1C0EB2002DA6BD /* View */ = {
			isa = PBXGroup;
			children = (
				09610BF92A1C09B6002DA6BD /* LaunchScreen.storyboard */,
			);
			path = View;
			sourceTree = "<group>";
		};
		09610C242A1C0EBB002DA6BD /* ViewModel */ = {
			isa = PBXGroup;
			children = (
				09610C2E2A1C1316002DA6BD /* MainViewModel.swift */,
			);
			path = ViewModel;
			sourceTree = "<group>";
		};
		09610C252A1C0EC5002DA6BD /* Controllers */ = {
			isa = PBXGroup;
			children = (
				09610C1E2A1C0B54002DA6BD /* MainViewController */,
			);
			path = Controllers;
			sourceTree = "<group>";
		};
		09610C262A1C0ECF002DA6BD /* Model */ = {
			isa = PBXGroup;
			children = (
				09610C342A1C1A2A002DA6BD /* TrendingMoviesModel.swift */,
			);
			path = Model;
			sourceTree = "<group>";
		};
		09610C272A1C0ED4002DA6BD /* Classes */ = {
			isa = PBXGroup;
			children = (
			);
			path = Classes;
			sourceTree = "<group>";
		};
		09610C282A1C0EE7002DA6BD /* Resources */ = {
			isa = PBXGroup;
			children = (
				09610BF72A1C09B6002DA6BD /* Assets.xcassets */,
			);
			path = Resources;
			sourceTree = "<group>";
		};
		09610C292A1C0EF7002DA6BD /* Extensions */ = {
			isa = PBXGroup;
			children = (
			);
			path = Extensions;
			sourceTree = "<group>";
		};
		09610C2B2A1C0F0C002DA6BD /* Networking */ = {
			isa = PBXGroup;
			children = (
				09610C302A1C17D0002DA6BD /* NetworkConstant.swift */,
				09610C322A1C19D2002DA6BD /* APICaller.swift */,
			);
			path = Networking;
			sourceTree = "<group>";
		};
/* End PBXGroup section */

/* Begin PBXNativeTarget section */
		09610BEA2A1C09B4002DA6BD /* Movietrending */ = {
			isa = PBXNativeTarget;
			buildConfigurationList = 09610C152A1C09B7002DA6BD /* Build configuration list for PBXNativeTarget "Movietrending" */;
			buildPhases = (
				09610BE72A1C09B4002DA6BD /* Sources */,
				09610BE82A1C09B4002DA6BD /* Frameworks */,
				09610BE92A1C09B4002DA6BD /* Resources */,
			);
			buildRules = (
			);
			dependencies = (
			);
			name = Movietrending;
			productName = Movietrending;
			productReference = 09610BEB2A1C09B4002DA6BD /* Movietrending.app */;
			productType = "com.apple.product-type.application";
		};
		09610C002A1C09B7002DA6BD /* MovietrendingTests */ = {
			isa = PBXNativeTarget;
			buildConfigurationList = 09610C182A1C09B7002DA6BD /* Build configuration list for PBXNativeTarget "MovietrendingTests" */;
			buildPhases = (
				09610BFD2A1C09B7002DA6BD /* Sources */,
				09610BFE2A1C09B7002DA6BD /* Frameworks */,
				09610BFF2A1C09B7002DA6BD /* Resources */,
			);
			buildRules = (
			);
			dependencies = (
				09610C032A1C09B7002DA6BD /* PBXTargetDependency */,
			);
			name = MovietrendingTests;
			productName = MovietrendingTests;
			productReference = 09610C012A1C09B7002DA6BD /* MovietrendingTests.xctest */;
			productType = "com.apple.product-type.bundle.unit-test";
		};
		09610C0A2A1C09B7002DA6BD /* MovietrendingUITests */ = {
			isa = PBXNativeTarget;
			buildConfigurationList = 09610C1B2A1C09B7002DA6BD /* Build configuration list for PBXNativeTarget "MovietrendingUITests" */;
			buildPhases = (
				09610C072A1C09B7002DA6BD /* Sources */,
				09610C082A1C09B7002DA6BD /* Frameworks */,
				09610C092A1C09B7002DA6BD /* Resources */,
			);
			buildRules = (
			);
			dependencies = (
				09610C0D2A1C09B7002DA6BD /* PBXTargetDependency */,
			);
			name = MovietrendingUITests;
			productName = MovietrendingUITests;
			productReference = 09610C0B2A1C09B7002DA6BD /* MovietrendingUITests.xctest */;
			productType = "com.apple.product-type.bundle.ui-testing";
		};
/* End PBXNativeTarget section */

/* Begin PBXProject section */
		09610BE32A1C09B4002DA6BD /* Project object */ = {
			isa = PBXProject;
			attributes = {
				BuildIndependentTargetsInParallel = 1;
				LastSwiftUpdateCheck = 1430;
				LastUpgradeCheck = 1430;
				TargetAttributes = {
					09610BEA2A1C09B4002DA6BD = {
						CreatedOnToolsVersion = 14.3;
					};
					09610C002A1C09B7002DA6BD = {
						CreatedOnToolsVersion = 14.3;
						TestTargetID = 09610BEA2A1C09B4002DA6BD;
					};
					09610C0A2A1C09B7002DA6BD = {
						CreatedOnToolsVersion = 14.3;
						TestTargetID = 09610BEA2A1C09B4002DA6BD;
					};
				};
			};
			buildConfigurationList = 09610BE62A1C09B4002DA6BD /* Build configuration list for PBXProject "Movietrending" */;
			compatibilityVersion = "Xcode 14.0";
			developmentRegion = en;
			hasScannedForEncodings = 0;
			knownRegions = (
				en,
				Base,
			);
			mainGroup = 09610BE22A1C09B4002DA6BD;
			productRefGroup = 09610BEC2A1C09B4002DA6BD /* Products */;
			projectDirPath = "";
			projectRoot = "";
			targets = (
				09610BEA2A1C09B4002DA6BD /* Movietrending */,
				09610C002A1C09B7002DA6BD /* MovietrendingTests */,
				09610C0A2A1C09B7002DA6BD /* MovietrendingUITests */,
			);
		};
/* End PBXProject section */

/* Begin PBXResourcesBuildPhase section */
		09610BE92A1C09B4002DA6BD /* Resources */ = {
			isa = PBXResourcesBuildPhase;
			buildActionMask = 2147483647;
			files = (
				09610BFB2A1C09B6002DA6BD /* LaunchScreen.storyboard in Resources */,
				09610C222A1C0B75002DA6BD /* MainViewController.xib in Resources */,
				09610BF82A1C09B6002DA6BD /* Assets.xcassets in Resources */,
			);
			runOnlyForDeploymentPostprocessing = 0;
		};
		09610BFF2A1C09B7002DA6BD /* Resources */ = {
			isa = PBXResourcesBuildPhase;
			buildActionMask = 2147483647;
			files = (
			);
			runOnlyForDeploymentPostprocessing = 0;
		};
		09610C092A1C09B7002DA6BD /* Resources */ = {
			isa = PBXResourcesBuildPhase;
			buildActionMask = 2147483647;
			files = (
			);
			runOnlyForDeploymentPostprocessing = 0;
		};
/* End PBXResourcesBuildPhase section */

/* Begin PBXSourcesBuildPhase section */
		09610BE72A1C09B4002DA6BD /* Sources */ = {
			isa = PBXSourcesBuildPhase;
			buildActionMask = 2147483647;
			files = (
				09610BEF2A1C09B4002DA6BD /* AppDelegate.swift in Sources */,
				09610C332A1C19D2002DA6BD /* APICaller.swift in Sources */,
				09610C2D2A1C1168002DA6BD /* MainViewConteroller+TableView.swift in Sources */,
				09610C212A1C0B75002DA6BD /* MainViewController.swift in Sources */,
				09610C312A1C17D0002DA6BD /* NetworkConstant.swift in Sources */,
				09610C2F2A1C1316002DA6BD /* MainViewModel.swift in Sources */,
				09610C352A1C1A2A002DA6BD /* TrendingMoviesModel.swift in Sources */,
			);
			runOnlyForDeploymentPostprocessing = 0;
		};
		09610BFD2A1C09B7002DA6BD /* Sources */ = {
			isa = PBXSourcesBuildPhase;
			buildActionMask = 2147483647;
			files = (
				09610C062A1C09B7002DA6BD /* MovietrendingTests.swift in Sources */,
			);
			runOnlyForDeploymentPostprocessing = 0;
		};
		09610C072A1C09B7002DA6BD /* Sources */ = {
			isa = PBXSourcesBuildPhase;
			buildActionMask = 2147483647;
			files = (
				09610C122A1C09B7002DA6BD /* MovietrendingUITestsLaunchTests.swift in Sources */,
				09610C102A1C09B7002DA6BD /* MovietrendingUITests.swift in Sources */,
			);
			runOnlyForDeploymentPostprocessing = 0;
		};
/* End PBXSourcesBuildPhase section */

/* Begin PBXTargetDependency section */
		09610C032A1C09B7002DA6BD /* PBXTargetDependency */ = {
			isa = PBXTargetDependency;
			target = 09610BEA2A1C09B4002DA6BD /* Movietrending */;
			targetProxy = 09610C022A1C09B7002DA6BD /* PBXContainerItemProxy */;
		};
		09610C0D2A1C09B7002DA6BD /* PBXTargetDependency */ = {
			isa = PBXTargetDependency;
			target = 09610BEA2A1C09B4002DA6BD /* Movietrending */;
			targetProxy = 09610C0C2A1C09B7002DA6BD /* PBXContainerItemProxy */;
		};
/* End PBXTargetDependency section */

/* Begin PBXVariantGroup section */
		09610BF92A1C09B6002DA6BD /* LaunchScreen.storyboard */ = {
			isa = PBXVariantGroup;
			children = (
				09610BFA2A1C09B6002DA6BD /* Base */,
			);
			name = LaunchScreen.storyboard;
			sourceTree = "<group>";
		};
/* End PBXVariantGroup section */

/* Begin XCBuildConfiguration section */
		09610C132A1C09B7002DA6BD /* Debug */ = {
			isa = XCBuildConfiguration;
			buildSettings = {
				ALWAYS_SEARCH_USER_PATHS = NO;
				CLANG_ANALYZER_NONNULL = YES;
				CLANG_ANALYZER_NUMBER_OBJECT_CONVERSION = YES_AGGRESSIVE;
				CLANG_CXX_LANGUAGE_STANDARD = "gnu++20";
				CLANG_ENABLE_MODULES = YES;
				CLANG_ENABLE_OBJC_ARC = YES;
				CLANG_ENABLE_OBJC_WEAK = YES;
				CLANG_WARN_BLOCK_CAPTURE_AUTORELEASING = YES;
				CLANG_WARN_BOOL_CONVERSION = YES;
				CLANG_WARN_COMMA = YES;
				CLANG_WARN_CONSTANT_CONVERSION = YES;
				CLANG_WARN_DEPRECATED_OBJC_IMPLEMENTATIONS = YES;
				CLANG_WARN_DIRECT_OBJC_ISA_USAGE = YES_ERROR;
				CLANG_WARN_DOCUMENTATION_COMMENTS = YES;
				CLANG_WARN_EMPTY_BODY = YES;
				CLANG_WARN_ENUM_CONVERSION = YES;
				CLANG_WARN_INFINITE_RECURSION = YES;
				CLANG_WARN_INT_CONVERSION = YES;
				CLANG_WARN_NON_LITERAL_NULL_CONVERSION = YES;
				CLANG_WARN_OBJC_IMPLICIT_RETAIN_SELF = YES;
				CLANG_WARN_OBJC_LITERAL_CONVERSION = YES;
				CLANG_WARN_OBJC_ROOT_CLASS = YES_ERROR;
				CLANG_WARN_QUOTED_INCLUDE_IN_FRAMEWORK_HEADER = YES;
				CLANG_WARN_RANGE_LOOP_ANALYSIS = YES;
				CLANG_WARN_STRICT_PROTOTYPES = YES;
				CLANG_WARN_SUSPICIOUS_MOVE = YES;
				CLANG_WARN_UNGUARDED_AVAILABILITY = YES_AGGRESSIVE;
				CLANG_WARN_UNREACHABLE_CODE = YES;
				CLANG_WARN__DUPLICATE_METHOD_MATCH = YES;
				COPY_PHASE_STRIP = NO;
				DEBUG_INFORMATION_FORMAT = dwarf;
				ENABLE_STRICT_OBJC_MSGSEND = YES;
				ENABLE_TESTABILITY = YES;
				GCC_C_LANGUAGE_STANDARD = gnu11;
				GCC_DYNAMIC_NO_PIC = NO;
				GCC_NO_COMMON_BLOCKS = YES;
				GCC_OPTIMIZATION_LEVEL = 0;
				GCC_PREPROCESSOR_DEFINITIONS = (
					"DEBUG=1",
					"$(inherited)",
				);
				GCC_WARN_64_TO_32_BIT_CONVERSION = YES;
				GCC_WARN_ABOUT_RETURN_TYPE = YES_ERROR;
				GCC_WARN_UNDECLARED_SELECTOR = YES;
				GCC_WARN_UNINITIALIZED_AUTOS = YES_AGGRESSIVE;
				GCC_WARN_UNUSED_FUNCTION = YES;
				GCC_WARN_UNUSED_VARIABLE = YES;
				IPHONEOS_DEPLOYMENT_TARGET = 16.4;
				MTL_ENABLE_DEBUG_INFO = INCLUDE_SOURCE;
				MTL_FAST_MATH = YES;
				ONLY_ACTIVE_ARCH = YES;
				SDKROOT = iphoneos;
				SWIFT_ACTIVE_COMPILATION_CONDITIONS = DEBUG;
				SWIFT_OPTIMIZATION_LEVEL = "-Onone";
			};
			name = Debug;
		};
		09610C142A1C09B7002DA6BD /* Release */ = {
			isa = XCBuildConfiguration;
			buildSettings = {
				ALWAYS_SEARCH_USER_PATHS = NO;
				CLANG_ANALYZER_NONNULL = YES;
				CLANG_ANALYZER_NUMBER_OBJECT_CONVERSION = YES_AGGRESSIVE;
				CLANG_CXX_LANGUAGE_STANDARD = "gnu++20";
				CLANG_ENABLE_MODULES = YES;
				CLANG_ENABLE_OBJC_ARC = YES;
				CLANG_ENABLE_OBJC_WEAK = YES;
				CLANG_WARN_BLOCK_CAPTURE_AUTORELEASING = YES;
				CLANG_WARN_BOOL_CONVERSION = YES;
				CLANG_WARN_COMMA = YES;
				CLANG_WARN_CONSTANT_CONVERSION = YES;
				CLANG_WARN_DEPRECATED_OBJC_IMPLEMENTATIONS = YES;
				CLANG_WARN_DIRECT_OBJC_ISA_USAGE = YES_ERROR;
				CLANG_WARN_DOCUMENTATION_COMMENTS = YES;
				CLANG_WARN_EMPTY_BODY = YES;
				CLANG_WARN_ENUM_CONVERSION = YES;
				CLANG_WARN_INFINITE_RECURSION = YES;
				CLANG_WARN_INT_CONVERSION = YES;
				CLANG_WARN_NON_LITERAL_NULL_CONVERSION = YES;
				CLANG_WARN_OBJC_IMPLICIT_RETAIN_SELF = YES;
				CLANG_WARN_OBJC_LITERAL_CONVERSION = YES;
				CLANG_WARN_OBJC_ROOT_CLASS = YES_ERROR;
				CLANG_WARN_QUOTED_INCLUDE_IN_FRAMEWORK_HEADER = YES;
				CLANG_WARN_RANGE_LOOP_ANALYSIS = YES;
				CLANG_WARN_STRICT_PROTOTYPES = YES;
				CLANG_WARN_SUSPICIOUS_MOVE = YES;
				CLANG_WARN_UNGUARDED_AVAILABILITY = YES_AGGRESSIVE;
				CLANG_WARN_UNREACHABLE_CODE = YES;
				CLANG_WARN__DUPLICATE_METHOD_MATCH = YES;
				COPY_PHASE_STRIP = NO;
				DEBUG_INFORMATION_FORMAT = "dwarf-with-dsym";
				ENABLE_NS_ASSERTIONS = NO;
				ENABLE_STRICT_OBJC_MSGSEND = YES;
				GCC_C_LANGUAGE_STANDARD = gnu11;
				GCC_NO_COMMON_BLOCKS = YES;
				GCC_WARN_64_TO_32_BIT_CONVERSION = YES;
				GCC_WARN_ABOUT_RETURN_TYPE = YES_ERROR;
				GCC_WARN_UNDECLARED_SELECTOR = YES;
				GCC_WARN_UNINITIALIZED_AUTOS = YES_AGGRESSIVE;
				GCC_WARN_UNUSED_FUNCTION = YES;
				GCC_WARN_UNUSED_VARIABLE = YES;
				IPHONEOS_DEPLOYMENT_TARGET = 16.4;
				MTL_ENABLE_DEBUG_INFO = NO;
				MTL_FAST_MATH = YES;
				SDKROOT = iphoneos;
				SWIFT_COMPILATION_MODE = wholemodule;
				SWIFT_OPTIMIZATION_LEVEL = "-O";
				VALIDATE_PRODUCT = YES;
			};
			name = Release;
		};
		09610C162A1C09B7002DA6BD /* Debug */ = {
			isa = XCBuildConfiguration;
			buildSettings = {
				ASSETCATALOG_COMPILER_APPICON_NAME = AppIcon;
				ASSETCATALOG_COMPILER_GLOBAL_ACCENT_COLOR_NAME = AccentColor;
				CODE_SIGN_STYLE = Automatic;
				CURRENT_PROJECT_VERSION = 1;
				DEVELOPMENT_TEAM = "";
				GENERATE_INFOPLIST_FILE = YES;
				INFOPLIST_FILE = Movietrending/Info.plist;
				INFOPLIST_KEY_UIApplicationSupportsIndirectInputEvents = YES;
				INFOPLIST_KEY_UILaunchStoryboardName = LaunchScreen;
				INFOPLIST_KEY_UIMainStoryboardFile = "";
				INFOPLIST_KEY_UISupportedInterfaceOrientations_iPad = "UIInterfaceOrientationPortrait UIInterfaceOrientationPortraitUpsideDown UIInterfaceOrientationLandscapeLeft UIInterfaceOrientationLandscapeRight";
				INFOPLIST_KEY_UISupportedInterfaceOrientations_iPhone = "UIInterfaceOrientationPortrait UIInterfaceOrientationLandscapeLeft UIInterfaceOrientationLandscapeRight";
				LD_RUNPATH_SEARCH_PATHS = (
					"$(inherited)",
					"@executable_path/Frameworks",
				);
				MARKETING_VERSION = 1.0;
				PRODUCT_BUNDLE_IDENTIFIER = com.bcsroyal.testing1.Movietrending;
				PRODUCT_NAME = "$(TARGET_NAME)";
				SWIFT_EMIT_LOC_STRINGS = YES;
				SWIFT_VERSION = 5.0;
				TARGETED_DEVICE_FAMILY = "1,2";
			};
			name = Debug;
		};
		09610C172A1C09B7002DA6BD /* Release */ = {
			isa = XCBuildConfiguration;
			buildSettings = {
				ASSETCATALOG_COMPILER_APPICON_NAME = AppIcon;
				ASSETCATALOG_COMPILER_GLOBAL_ACCENT_COLOR_NAME = AccentColor;
				CODE_SIGN_STYLE = Automatic;
				CURRENT_PROJECT_VERSION = 1;
				DEVELOPMENT_TEAM = "";
				GENERATE_INFOPLIST_FILE = YES;
				INFOPLIST_FILE = Movietrending/Info.plist;
				INFOPLIST_KEY_UIApplicationSupportsIndirectInputEvents = YES;
				INFOPLIST_KEY_UILaunchStoryboardName = LaunchScreen;
				INFOPLIST_KEY_UIMainStoryboardFile = "";
				INFOPLIST_KEY_UISupportedInterfaceOrientations_iPad = "UIInterfaceOrientationPortrait UIInterfaceOrientationPortraitUpsideDown UIInterfaceOrientationLandscapeLeft UIInterfaceOrientationLandscapeRight";
				INFOPLIST_KEY_UISupportedInterfaceOrientations_iPhone = "UIInterfaceOrientationPortrait UIInterfaceOrientationLandscapeLeft UIInterfaceOrientationLandscapeRight";
				LD_RUNPATH_SEARCH_PATHS = (
					"$(inherited)",
					"@executable_path/Frameworks",
				);
				MARKETING_VERSION = 1.0;
				PRODUCT_BUNDLE_IDENTIFIER = com.bcsroyal.testing1.Movietrending;
				PRODUCT_NAME = "$(TARGET_NAME)";
				SWIFT_EMIT_LOC_STRINGS = YES;
				SWIFT_VERSION = 5.0;
				TARGETED_DEVICE_FAMILY = "1,2";
			};
			name = Release;
		};
		09610C192A1C09B7002DA6BD /* Debug */ = {
			isa = XCBuildConfiguration;
			buildSettings = {
				ALWAYS_EMBED_SWIFT_STANDARD_LIBRARIES = YES;
				BUNDLE_LOADER = "$(TEST_HOST)";
				CODE_SIGN_STYLE = Automatic;
				CURRENT_PROJECT_VERSION = 1;
				GENERATE_INFOPLIST_FILE = YES;
				IPHONEOS_DEPLOYMENT_TARGET = 16.4;
				MARKETING_VERSION = 1.0;
				PRODUCT_BUNDLE_IDENTIFIER = com.bcsroyal.testing1.MovietrendingTests;
				PRODUCT_NAME = "$(TARGET_NAME)";
				SWIFT_EMIT_LOC_STRINGS = NO;
				SWIFT_VERSION = 5.0;
				TARGETED_DEVICE_FAMILY = "1,2";
				TEST_HOST = "$(BUILT_PRODUCTS_DIR)/Movietrending.app/$(BUNDLE_EXECUTABLE_FOLDER_PATH)/Movietrending";
			};
			name = Debug;
		};
		09610C1A2A1C09B7002DA6BD /* Release */ = {
			isa = XCBuildConfiguration;
			buildSettings = {
				ALWAYS_EMBED_SWIFT_STANDARD_LIBRARIES = YES;
				BUNDLE_LOADER = "$(TEST_HOST)";
				CODE_SIGN_STYLE = Automatic;
				CURRENT_PROJECT_VERSION = 1;
				GENERATE_INFOPLIST_FILE = YES;
				IPHONEOS_DEPLOYMENT_TARGET = 16.4;
				MARKETING_VERSION = 1.0;
				PRODUCT_BUNDLE_IDENTIFIER = com.bcsroyal.testing1.MovietrendingTests;
				PRODUCT_NAME = "$(TARGET_NAME)";
				SWIFT_EMIT_LOC_STRINGS = NO;
				SWIFT_VERSION = 5.0;
				TARGETED_DEVICE_FAMILY = "1,2";
				TEST_HOST = "$(BUILT_PRODUCTS_DIR)/Movietrending.app/$(BUNDLE_EXECUTABLE_FOLDER_PATH)/Movietrending";
			};
			name = Release;
		};
		09610C1C2A1C09B7002DA6BD /* Debug */ = {
			isa = XCBuildConfiguration;
			buildSettings = {
				ALWAYS_EMBED_SWIFT_STANDARD_LIBRARIES = YES;
				CODE_SIGN_STYLE = Automatic;
				CURRENT_PROJECT_VERSION = 1;
				GENERATE_INFOPLIST_FILE = YES;
				MARKETING_VERSION = 1.0;
				PRODUCT_BUNDLE_IDENTIFIER = com.bcsroyal.testing1.MovietrendingUITests;
				PRODUCT_NAME = "$(TARGET_NAME)";
				SWIFT_EMIT_LOC_STRINGS = NO;
				SWIFT_VERSION = 5.0;
				TARGETED_DEVICE_FAMILY = "1,2";
				TEST_TARGET_NAME = Movietrending;
			};
			name = Debug;
		};
		09610C1D2A1C09B7002DA6BD /* Release */ = {
			isa = XCBuildConfiguration;
			buildSettings = {
				ALWAYS_EMBED_SWIFT_STANDARD_LIBRARIES = YES;
				CODE_SIGN_STYLE = Automatic;
				CURRENT_PROJECT_VERSION = 1;
				GENERATE_INFOPLIST_FILE = YES;
				MARKETING_VERSION = 1.0;
				PRODUCT_BUNDLE_IDENTIFIER = com.bcsroyal.testing1.MovietrendingUITests;
				PRODUCT_NAME = "$(TARGET_NAME)";
				SWIFT_EMIT_LOC_STRINGS = NO;
				SWIFT_VERSION = 5.0;
				TARGETED_DEVICE_FAMILY = "1,2";
				TEST_TARGET_NAME = Movietrending;
			};
			name = Release;
		};
/* End XCBuildConfiguration section */

/* Begin XCConfigurationList section */
		09610BE62A1C09B4002DA6BD /* Build configuration list for PBXProject "Movietrending" */ = {
			isa = XCConfigurationList;
			buildConfigurations = (
				09610C132A1C09B7002DA6BD /* Debug */,
				09610C142A1C09B7002DA6BD /* Release */,
			);
			defaultConfigurationIsVisible = 0;
			defaultConfigurationName = Release;
		};
		09610C152A1C09B7002DA6BD /* Build configuration list for PBXNativeTarget "Movietrending" */ = {
			isa = XCConfigurationList;
			buildConfigurations = (
				09610C162A1C09B7002DA6BD /* Debug */,
				09610C172A1C09B7002DA6BD /* Release */,
			);
			defaultConfigurationIsVisible = 0;
			defaultConfigurationName = Release;
		};
		09610C182A1C09B7002DA6BD /* Build configuration list for PBXNativeTarget "MovietrendingTests" */ = {
			isa = XCConfigurationList;
			buildConfigurations = (
				09610C192A1C09B7002DA6BD /* Debug */,
				09610C1A2A1C09B7002DA6BD /* Release */,
			);
			defaultConfigurationIsVisible = 0;
			defaultConfigurationName = Release;
		};
		09610C1B2A1C09B7002DA6BD /* Build configuration list for PBXNativeTarget "MovietrendingUITests" */ = {
			isa = XCConfigurationList;
			buildConfigurations = (
				09610C1C2A1C09B7002DA6BD /* Debug */,
				09610C1D2A1C09B7002DA6BD /* Release */,
			);
			defaultConfigurationIsVisible = 0;
			defaultConfigurationName = Release;
		};
/* End XCConfigurationList section */
	};
	rootObject = 09610BE32A1C09B4002DA6BD /* Project object */;
}
